
Microsoft Visual Studio Solution File, Format Version 12.00
# Visual Studio Version 16
VisualStudioVersion = 16.0.32413.511
MinimumVisualStudioVersion = 10.0.40219.1
Project("{FAE04EC0-301F-11D3-BF4B-00C04F79EFBC}") = "Registru Evenimente", "Registru Evenimente\Registru Evenimente.csproj", "{36618EE6-3983-4A3A-A002-7593F369CF46}"
EndProject
Global
	GlobalSection(SolutionConfigurationPlatforms) = preSolution
		Debug|Any CPU = Debug|Any CPU
		Release|Any CPU = Release|Any CPU
	EndGlobalSection
	GlobalSection(ProjectConfigurationPlatforms) = postSolution
		{36618EE6-3983-4A3A-A002-7593F369CF46}.Debug|Any CPU.ActiveCfg = Debug|Any CPU
		{36618EE6-3983-4A3A-A002-7593F369CF46}.Debug|Any CPU.Build.0 = Debug|Any CPU
		{36618EE6-3983-4A3A-A002-7593F369CF46}.Release|Any CPU.ActiveCfg = Release|Any CPU
		{36618EE6-3983-4A3A-A002-7593F369CF46}.Release|Any CPU.Build.0 = Release|Any CPU
	EndGlobalSection
	GlobalSection(SolutionProperties) = preSolution
		HideSolutionNode = FALSE
	EndGlobalSection
	GlobalSection(ExtensibilityGlobals) = postSolution
		SolutionGuid = {F134ED1A-3BCE-43A0-AD80-69DA58BCFB0B}
	EndGlobalSection
EndGlobal
